{
  "name": "anticheat-dbscan",
  "version": "1.0.0",
  "lockfileVersion": 3,
  "requires": true,
  "packages": {
    "": {
      "name": "anticheat-dbscan",
      "version": "1.0.0",
      "dependencies": {
        "density-clustering": "^1.3.0"
      }
    },
    "node_modules/density-clustering": {
      "version": "1.3.0",
      "resolved": "https://registry.npmjs.org/density-clustering/-/density-clustering-1.3.0.tgz",
      "integrity": "sha512-icpmBubVTwLnsaor9qH/4tG5+7+f61VcqMN3V3pm9sxxSCt2Jcs0zWOgwZW9ARJYaKD3FumIgHiMOcIMRRAzFQ==",
      "license": "MIT"
    }
  }
}
